Microsoft Visual Studio Solution File, Format Version 11.00
# Visual Studio 2008

Project("{68E064A1-E7C8-E7EE-EA68-2A09049A1400}") = "Medusa", "Assembly-CSharp.csproj", "{CA14B353-7B14-59D2-D8F0-FAFD2F4F60D8}"
EndProject
Project("{68E064A1-E7C8-E7EE-EA68-2A09049A1400}") = "Medusa", "Assembly-CSharp-Editor.csproj", "{EADDF764-5EA1-7597-CC64-7C474D7AAB6D}"
EndProject
Global
	GlobalSection(SolutionConfigurationPlatforms) = preSolution
		Debug|Any CPU = Debug|Any CPU
		Release|Any CPU = Release|Any CPU
	EndGlobalSection
	GlobalSection(ProjectConfigurationPlatforms) = postSolution
		{CA14B353-7B14-59D2-D8F0-FAFD2F4F60D8}.Debug|Any CPU.ActiveCfg = Debug|Any CPU
		{CA14B353-7B14-59D2-D8F0-FAFD2F4F60D8}.Debug|Any CPU.Build.0 = Debug|Any CPU
		{CA14B353-7B14-59D2-D8F0-FAFD2F4F60D8}.Release|Any CPU.ActiveCfg = Release|Any CPU
		{CA14B353-7B14-59D2-D8F0-FAFD2F4F60D8}.Release|Any CPU.Build.0 = Release|Any CPU
		{EADDF764-5EA1-7597-CC64-7C474D7AAB6D}.Debug|Any CPU.ActiveCfg = Debug|Any CPU
		{EADDF764-5EA1-7597-CC64-7C474D7AAB6D}.Debug|Any CPU.Build.0 = Debug|Any CPU
		{EADDF764-5EA1-7597-CC64-7C474D7AAB6D}.Release|Any CPU.ActiveCfg = Release|Any CPU
		{EADDF764-5EA1-7597-CC64-7C474D7AAB6D}.Release|Any CPU.Build.0 = Release|Any CPU
	EndGlobalSection
	GlobalSection(SolutionProperties) = preSolution
		HideSolutionNode = FALSE
	EndGlobalSection
	GlobalSection(MonoDevelopProperties) = preSolution
		StartupItem = Assembly-CSharp.csproj
	EndGlobalSection
EndGlobal
