
Microsoft Visual Studio Solution File, Format Version 12.00
# Visual Studio 2015
Project("{FAE04EC0-301F-11D3-BF4B-00C04F79EFBC}") = "Medusa.CSharp", "Medusa.CSharp.csproj", "{9ABB2117-3FB7-A088-E2A3-C8816F69DD1D}"
EndProject
Project("{FAE04EC0-301F-11D3-BF4B-00C04F79EFBC}") = "Medusa.CSharp.Editor", "Medusa.CSharp.Editor.csproj", "{AF27ED75-4345-3389-9B5A-D02579AA887E}"
EndProject
Global
	GlobalSection(SolutionConfigurationPlatforms) = preSolution
		Debug|Any CPU = Debug|Any CPU
		Release|Any CPU = Release|Any CPU
	EndGlobalSection
	GlobalSection(ProjectConfigurationPlatforms) = postSolution
		{9ABB2117-3FB7-A088-E2A3-C8816F69DD1D}.Debug|Any CPU.ActiveCfg = Debug|Any CPU
		{9ABB2117-3FB7-A088-E2A3-C8816F69DD1D}.Debug|Any CPU.Build.0 = Debug|Any CPU
		{9ABB2117-3FB7-A088-E2A3-C8816F69DD1D}.Release|Any CPU.ActiveCfg = Release|Any CPU
		{9ABB2117-3FB7-A088-E2A3-C8816F69DD1D}.Release|Any CPU.Build.0 = Release|Any CPU
		{AF27ED75-4345-3389-9B5A-D02579AA887E}.Debug|Any CPU.ActiveCfg = Debug|Any CPU
		{AF27ED75-4345-3389-9B5A-D02579AA887E}.Debug|Any CPU.Build.0 = Debug|Any CPU
		{AF27ED75-4345-3389-9B5A-D02579AA887E}.Release|Any CPU.ActiveCfg = Release|Any CPU
		{AF27ED75-4345-3389-9B5A-D02579AA887E}.Release|Any CPU.Build.0 = Release|Any CPU
	EndGlobalSection
	GlobalSection(SolutionProperties) = preSolution
		HideSolutionNode = FALSE
	EndGlobalSection
EndGlobal
